
Microsoft Visual Studio Solution File, Format Version 12.00
# Visual Studio 15
VisualStudioVersion = 15.0.27703.2035
MinimumVisualStudioVersion = 10.0.40219.1
Project("{2150E333-8FDC-42A3-9474-1A3956D46DE8}") = "Comportamiento", "Comportamiento", "{56DF629D-92EC-4722-A68E-F9F570A9F67F}"
EndProject
Project("{FAE04EC0-301F-11D3-BF4B-00C04F79EFBC}") = "comando", "comando\comando.csproj", "{C8C62CCD-14D7-4A4D-A886-83BEA818D1A0}"
EndProject
Project("{FAE04EC0-301F-11D3-BF4B-00C04F79EFBC}") = "mediador", "mediador\mediador.csproj", "{471B1D49-90C7-47BF-B50C-BB0B08A0EE62}"
EndProject
Project("{FAE04EC0-301F-11D3-BF4B-00C04F79EFBC}") = "visitante", "visitante\visitante.csproj", "{AFD98AED-9F92-4F0F-9236-78FC7CF7122A}"
EndProject
Project("{2150E333-8FDC-42A3-9474-1A3956D46DE8}") = "Creacionales", "Creacionales", "{488D2668-AC70-4B10-849E-74F61C148EE3}"
EndProject
Project("{FAE04EC0-301F-11D3-BF4B-00C04F79EFBC}") = "constructor", "constructor\constructor.csproj", "{0E3B593B-D745-4136-8CF9-84B27E61B7CC}"
EndProject
Project("{FAE04EC0-301F-11D3-BF4B-00C04F79EFBC}") = "Prototipo", "ConsoleApp1\Prototipo.csproj", "{5D326684-9E78-4BA6-A482-38560CE9EC7C}"
EndProject
Project("{FAE04EC0-301F-11D3-BF4B-00C04F79EFBC}") = "Singleton", "Singleton\Singleton.csproj", "{9BC823BA-B054-4F1B-B931-1B3D878B437D}"
EndProject
Project("{2150E333-8FDC-42A3-9474-1A3956D46DE8}") = "Estructurales", "Estructurales", "{DF9CCD4B-C6CF-4956-AF6F-B23F993FE0BA}"
EndProject
Project("{FAE04EC0-301F-11D3-BF4B-00C04F79EFBC}") = "adaptador", "adaptador\adaptador.csproj", "{2C1D307D-1BA2-48E0-BCD5-81BB0D886780}"
EndProject
Project("{FAE04EC0-301F-11D3-BF4B-00C04F79EFBC}") = "proxy", "proxy\proxy.csproj", "{43F0A893-BDBA-4FC9-A832-F760ED07B638}"
EndProject
Project("{FAE04EC0-301F-11D3-BF4B-00C04F79EFBC}") = "puente", "puente\puente.csproj", "{61828CAA-EF85-4265-9A1A-4233CEC2EF6B}"
EndProject
Global
	GlobalSection(SolutionConfigurationPlatforms) = preSolution
		Debug|Any CPU = Debug|Any CPU
		Release|Any CPU = Release|Any CPU
	EndGlobalSection
	GlobalSection(ProjectConfigurationPlatforms) = postSolution
		{C8C62CCD-14D7-4A4D-A886-83BEA818D1A0}.Debug|Any CPU.ActiveCfg = Debug|Any CPU
		{C8C62CCD-14D7-4A4D-A886-83BEA818D1A0}.Debug|Any CPU.Build.0 = Debug|Any CPU
		{C8C62CCD-14D7-4A4D-A886-83BEA818D1A0}.Release|Any CPU.ActiveCfg = Release|Any CPU
		{C8C62CCD-14D7-4A4D-A886-83BEA818D1A0}.Release|Any CPU.Build.0 = Release|Any CPU
		{471B1D49-90C7-47BF-B50C-BB0B08A0EE62}.Debug|Any CPU.ActiveCfg = Debug|Any CPU
		{471B1D49-90C7-47BF-B50C-BB0B08A0EE62}.Debug|Any CPU.Build.0 = Debug|Any CPU
		{471B1D49-90C7-47BF-B50C-BB0B08A0EE62}.Release|Any CPU.ActiveCfg = Release|Any CPU
		{471B1D49-90C7-47BF-B50C-BB0B08A0EE62}.Release|Any CPU.Build.0 = Release|Any CPU
		{AFD98AED-9F92-4F0F-9236-78FC7CF7122A}.Debug|Any CPU.ActiveCfg = Debug|Any CPU
		{AFD98AED-9F92-4F0F-9236-78FC7CF7122A}.Debug|Any CPU.Build.0 = Debug|Any CPU
		{AFD98AED-9F92-4F0F-9236-78FC7CF7122A}.Release|Any CPU.ActiveCfg = Release|Any CPU
		{AFD98AED-9F92-4F0F-9236-78FC7CF7122A}.Release|Any CPU.Build.0 = Release|Any CPU
		{0E3B593B-D745-4136-8CF9-84B27E61B7CC}.Debug|Any CPU.ActiveCfg = Debug|Any CPU
		{0E3B593B-D745-4136-8CF9-84B27E61B7CC}.Debug|Any CPU.Build.0 = Debug|Any CPU
		{0E3B593B-D745-4136-8CF9-84B27E61B7CC}.Release|Any CPU.ActiveCfg = Release|Any CPU
		{0E3B593B-D745-4136-8CF9-84B27E61B7CC}.Release|Any CPU.Build.0 = Release|Any CPU
		{5D326684-9E78-4BA6-A482-38560CE9EC7C}.Debug|Any CPU.ActiveCfg = Debug|Any CPU
		{5D326684-9E78-4BA6-A482-38560CE9EC7C}.Debug|Any CPU.Build.0 = Debug|Any CPU
		{5D326684-9E78-4BA6-A482-38560CE9EC7C}.Release|Any CPU.ActiveCfg = Release|Any CPU
		{5D326684-9E78-4BA6-A482-38560CE9EC7C}.Release|Any CPU.Build.0 = Release|Any CPU
		{9BC823BA-B054-4F1B-B931-1B3D878B437D}.Debug|Any CPU.ActiveCfg = Debug|Any CPU
		{9BC823BA-B054-4F1B-B931-1B3D878B437D}.Debug|Any CPU.Build.0 = Debug|Any CPU
		{9BC823BA-B054-4F1B-B931-1B3D878B437D}.Release|Any CPU.ActiveCfg = Release|Any CPU
		{9BC823BA-B054-4F1B-B931-1B3D878B437D}.Release|Any CPU.Build.0 = Release|Any CPU
		{2C1D307D-1BA2-48E0-BCD5-81BB0D886780}.Debug|Any CPU.ActiveCfg = Debug|Any CPU
		{2C1D307D-1BA2-48E0-BCD5-81BB0D886780}.Debug|Any CPU.Build.0 = Debug|Any CPU
		{2C1D307D-1BA2-48E0-BCD5-81BB0D886780}.Release|Any CPU.ActiveCfg = Release|Any CPU
		{2C1D307D-1BA2-48E0-BCD5-81BB0D886780}.Release|Any CPU.Build.0 = Release|Any CPU
		{43F0A893-BDBA-4FC9-A832-F760ED07B638}.Debug|Any CPU.ActiveCfg = Debug|Any CPU
		{43F0A893-BDBA-4FC9-A832-F760ED07B638}.Debug|Any CPU.Build.0 = Debug|Any CPU
		{43F0A893-BDBA-4FC9-A832-F760ED07B638}.Release|Any CPU.ActiveCfg = Release|Any CPU
		{43F0A893-BDBA-4FC9-A832-F760ED07B638}.Release|Any CPU.Build.0 = Release|Any CPU
		{61828CAA-EF85-4265-9A1A-4233CEC2EF6B}.Debug|Any CPU.ActiveCfg = Debug|Any CPU
		{61828CAA-EF85-4265-9A1A-4233CEC2EF6B}.Debug|Any CPU.Build.0 = Debug|Any CPU
		{61828CAA-EF85-4265-9A1A-4233CEC2EF6B}.Release|Any CPU.ActiveCfg = Release|Any CPU
		{61828CAA-EF85-4265-9A1A-4233CEC2EF6B}.Release|Any CPU.Build.0 = Release|Any CPU
	EndGlobalSection
	GlobalSection(SolutionProperties) = preSolution
		HideSolutionNode = FALSE
	EndGlobalSection
	GlobalSection(NestedProjects) = preSolution
		{C8C62CCD-14D7-4A4D-A886-83BEA818D1A0} = {56DF629D-92EC-4722-A68E-F9F570A9F67F}
		{471B1D49-90C7-47BF-B50C-BB0B08A0EE62} = {56DF629D-92EC-4722-A68E-F9F570A9F67F}
		{AFD98AED-9F92-4F0F-9236-78FC7CF7122A} = {56DF629D-92EC-4722-A68E-F9F570A9F67F}
		{0E3B593B-D745-4136-8CF9-84B27E61B7CC} = {488D2668-AC70-4B10-849E-74F61C148EE3}
		{5D326684-9E78-4BA6-A482-38560CE9EC7C} = {488D2668-AC70-4B10-849E-74F61C148EE3}
		{9BC823BA-B054-4F1B-B931-1B3D878B437D} = {488D2668-AC70-4B10-849E-74F61C148EE3}
		{2C1D307D-1BA2-48E0-BCD5-81BB0D886780} = {DF9CCD4B-C6CF-4956-AF6F-B23F993FE0BA}
		{43F0A893-BDBA-4FC9-A832-F760ED07B638} = {DF9CCD4B-C6CF-4956-AF6F-B23F993FE0BA}
		{61828CAA-EF85-4265-9A1A-4233CEC2EF6B} = {DF9CCD4B-C6CF-4956-AF6F-B23F993FE0BA}
	EndGlobalSection
	GlobalSection(ExtensibilityGlobals) = postSolution
		SolutionGuid = {6324465F-69A4-4092-AA64-112CAAF1C16E}
	EndGlobalSection
EndGlobal
